
Microsoft Visual Studio Solution File, Format Version 12.00
# Visual Studio 14
VisualStudioVersion = 14.0.23107.0
MinimumVisualStudioVersion = 10.0.40219.1
Project("{FAE04EC0-301F-11D3-BF4B-00C04F79EFBC}") = "04Model", "04Model\04Model.csproj", "{7CA7078B-9F61-4300-9BA7-F4D2132A496F}"
EndProject
Project("{FAE04EC0-301F-11D3-BF4B-00C04F79EFBC}") = "UnitTestProject1", "UnitTestProject1\UnitTestProject1.csproj", "{C47AF207-783E-430A-A930-57353296E523}"
EndProject
Project("{FAE04EC0-301F-11D3-BF4B-00C04F79EFBC}") = "03DAL", "03DAL\03DAL.csproj", "{8738F7D9-28CC-4BB2-B7D5-BF2682450140}"
EndProject
Project("{FAE04EC0-301F-11D3-BF4B-00C04F79EFBC}") = "02BLL", "02BLL\02BLL.csproj", "{256D8E18-A76D-40D1-A4E1-0ECA3947FF81}"
EndProject
Project("{FAE04EC0-301F-11D3-BF4B-00C04F79EFBC}") = "01UI", "01UI\01UI.csproj", "{B6F1B8C4-586B-45E7-988A-EC2C087E217B}"
EndProject
Project("{FAE04EC0-301F-11D3-BF4B-00C04F79EFBC}") = "05SessionServer", "05SessionServer\05SessionServer.csproj", "{10E91600-6F8E-4AF3-85D7-0210AFB080E4}"
EndProject
Global
	GlobalSection(SolutionConfigurationPlatforms) = preSolution
		Debug|Any CPU = Debug|Any CPU
		Release|Any CPU = Release|Any CPU
	EndGlobalSection
	GlobalSection(ProjectConfigurationPlatforms) = postSolution
		{7CA7078B-9F61-4300-9BA7-F4D2132A496F}.Debug|Any CPU.ActiveCfg = Debug|Any CPU
		{7CA7078B-9F61-4300-9BA7-F4D2132A496F}.Debug|Any CPU.Build.0 = Debug|Any CPU
		{7CA7078B-9F61-4300-9BA7-F4D2132A496F}.Release|Any CPU.ActiveCfg = Release|Any CPU
		{7CA7078B-9F61-4300-9BA7-F4D2132A496F}.Release|Any CPU.Build.0 = Release|Any CPU
		{C47AF207-783E-430A-A930-57353296E523}.Debug|Any CPU.ActiveCfg = Debug|Any CPU
		{C47AF207-783E-430A-A930-57353296E523}.Debug|Any CPU.Build.0 = Debug|Any CPU
		{C47AF207-783E-430A-A930-57353296E523}.Release|Any CPU.ActiveCfg = Release|Any CPU
		{C47AF207-783E-430A-A930-57353296E523}.Release|Any CPU.Build.0 = Release|Any CPU
		{8738F7D9-28CC-4BB2-B7D5-BF2682450140}.Debug|Any CPU.ActiveCfg = Debug|Any CPU
		{8738F7D9-28CC-4BB2-B7D5-BF2682450140}.Debug|Any CPU.Build.0 = Debug|Any CPU
		{8738F7D9-28CC-4BB2-B7D5-BF2682450140}.Release|Any CPU.ActiveCfg = Release|Any CPU
		{8738F7D9-28CC-4BB2-B7D5-BF2682450140}.Release|Any CPU.Build.0 = Release|Any CPU
		{256D8E18-A76D-40D1-A4E1-0ECA3947FF81}.Debug|Any CPU.ActiveCfg = Debug|Any CPU
		{256D8E18-A76D-40D1-A4E1-0ECA3947FF81}.Debug|Any CPU.Build.0 = Debug|Any CPU
		{256D8E18-A76D-40D1-A4E1-0ECA3947FF81}.Release|Any CPU.ActiveCfg = Release|Any CPU
		{256D8E18-A76D-40D1-A4E1-0ECA3947FF81}.Release|Any CPU.Build.0 = Release|Any CPU
		{B6F1B8C4-586B-45E7-988A-EC2C087E217B}.Debug|Any CPU.ActiveCfg = Debug|Any CPU
		{B6F1B8C4-586B-45E7-988A-EC2C087E217B}.Debug|Any CPU.Build.0 = Debug|Any CPU
		{B6F1B8C4-586B-45E7-988A-EC2C087E217B}.Release|Any CPU.ActiveCfg = Release|Any CPU
		{B6F1B8C4-586B-45E7-988A-EC2C087E217B}.Release|Any CPU.Build.0 = Release|Any CPU
		{10E91600-6F8E-4AF3-85D7-0210AFB080E4}.Debug|Any CPU.ActiveCfg = Debug|Any CPU
		{10E91600-6F8E-4AF3-85D7-0210AFB080E4}.Debug|Any CPU.Build.0 = Debug|Any CPU
		{10E91600-6F8E-4AF3-85D7-0210AFB080E4}.Release|Any CPU.ActiveCfg = Release|Any CPU
		{10E91600-6F8E-4AF3-85D7-0210AFB080E4}.Release|Any CPU.Build.0 = Release|Any CPU
	EndGlobalSection
	GlobalSection(SolutionProperties) = preSolution
		HideSolutionNode = FALSE
	EndGlobalSection
EndGlobal
